PODS:
  - Realm (3.17.3):
    - Realm/Headers (= 3.17.3)
  - Realm/Headers (3.17.3)
  - RealmSwift (3.17.3):
    - Realm (= 3.17.3)
  - SnapKit (5.0.1)
  - SSZipArchive (2.1.4)

DEPENDENCIES:
  - Realm
  - RealmSwift
  - SnapKit (~> 5.0.0)
  - SSZipArchive

SPEC REPOS:
  https://github.com/CocoaPods/Specs.git:
    - Realm
    - RealmSwift
    - SnapKit
    - SSZipArchive

SPEC CHECKSUMS:
  Realm: 5a1d9d47bfc101dd597668b1a8af4288a2557f6d
  RealmSwift: b7fdc2d18616621c31df5c7a398a45a2163f8eb0
  SnapKit: 97b92857e3df3a0c71833cce143274bf6ef8e5eb
  SSZipArchive: 41455d4b8d2b6ab93990820b50dc697c2554a322

PODFILE CHECKSUM: 43a0b83f348bd3793185650b448db276a13f3eb3

COCOAPODS: 1.8.4
