// !$*UTF8*$!
{
	archiveVersion = 1;
	classes = {
	};
	objectVersion = 46;
	objects = {

/* Begin PBXBuildFile section */
		482A52C27D2EEB439BF7B5A7 /* Pods_Imagination.framework in Frameworks */ = {isa = PBXBuildFile; fileRef = 6617760B2D13706ED0EFC492 /* Pods_Imagination.framework */; };
		50995464212919A500BECAFD /* PhoneModel.swift in Sources */ = {isa = PBXBuildFile; fileRef = 50995463212919A500BECAFD /* PhoneModel.swift */; };
		509B2F0D2153E27500D5A926 /* DataPickerViewController.swift in Sources */ = {isa = PBXBuildFile; fileRef = 509B2F0C2153E27500D5A926 /* DataPickerViewController.swift */; };
		F804D3A42150CA7E0028DAD3 /* Location.swift in Sources */ = {isa = PBXBuildFile; fileRef = F804D3A32150CA7E0028DAD3 /* Location.swift */; };
		F80B691C1EB1D6BF00900635 /* AudioViewController.swift in Sources */ = {isa = PBXBuildFile; fileRef = F80B691B1EB1D6BF00900635 /* AudioViewController.swift */; };
		F81229621BF73C6C00BDCF0E /* AppDelegate.swift in Sources */ = {isa = PBXBuildFile; fileRef = F81229611BF73C6C00BDCF0E /* AppDelegate.swift */; };
		F81229671BF73C6C00BDCF0E /* Main.storyboard in Resources */ = {isa = PBXBuildFile; fileRef = F81229651BF73C6C00BDCF0E /* Main.storyboard */; };
		F812296C1BF73C6C00BDCF0E /* Assets.xcassets in Resources */ = {isa = PBXBuildFile; fileRef = F812296B1BF73C6C00BDCF0E /* Assets.xcassets */; };
		F812296F1BF73C6C00BDCF0E /* LaunchScreen.storyboard in Resources */ = {isa = PBXBuildFile; fileRef = F812296D1BF73C6C00BDCF0E /* LaunchScreen.storyboard */; };
		F812297D1BF777AB00BDCF0E /* DataCache.swift in Sources */ = {isa = PBXBuildFile; fileRef = F812297C1BF777AB00BDCF0E /* DataCache.swift */; };
		F81283981C3F82E8002985A7 /* Notification.swift in Sources */ = {isa = PBXBuildFile; fileRef = F81283971C3F82E8002985A7 /* Notification.swift */; };
		F81316EA214F94B700FA0FCC /* Media.swift in Sources */ = {isa = PBXBuildFile; fileRef = F81316E9214F94B700FA0FCC /* Media.swift */; };
		F856CF021EB303F000FE2822 /* MemorySpaceController.swift in Sources */ = {isa = PBXBuildFile; fileRef = F856CF011EB303F000FE2822 /* MemorySpaceController.swift */; };
		F856CF041EB322C200FE2822 /* MemorySpaceHeaderView.swift in Sources */ = {isa = PBXBuildFile; fileRef = F856CF031EB322C200FE2822 /* MemorySpaceHeaderView.swift */; };
		F862AF521EB766FB0065D32B /* WebViewController.swift in Sources */ = {isa = PBXBuildFile; fileRef = F862AF511EB766FB0065D32B /* WebViewController.swift */; };
		F870EF741C378CB7008EF34D /* MoodViewController.swift in Sources */ = {isa = PBXBuildFile; fileRef = F870EF731C378CB7008EF34D /* MoodViewController.swift */; };
		F870EF761C37BBB5008EF34D /* Item.swift in Sources */ = {isa = PBXBuildFile; fileRef = F870EF751C37BBB5008EF34D /* Item.swift */; };
		F8723F141E260527009CCF44 /* Reachability.m in Sources */ = {isa = PBXBuildFile; fileRef = F8723F131E260527009CCF44 /* Reachability.m */; };
		F87E8F7E1D7ADDFF002954B9 /* Log.swift in Sources */ = {isa = PBXBuildFile; fileRef = F87E8F7D1D7ADDFF002954B9 /* Log.swift */; };
		F88D3BA51C14678600A3C921 /* DayList.swift in Sources */ = {isa = PBXBuildFile; fileRef = F88D3BA41C14678600A3C921 /* DayList.swift */; };
		F89537551EAEFC0200BFEAFC /* AudioRecordView.swift in Sources */ = {isa = PBXBuildFile; fileRef = F89537541EAEFC0200BFEAFC /* AudioRecordView.swift */; };
		F89537571EAEFC1200BFEAFC /* AudioRecordView.xib in Resources */ = {isa = PBXBuildFile; fileRef = F89537561EAEFC1200BFEAFC /* AudioRecordView.xib */; };
		F895375A1EAF71A100BFEAFC /* AVFoundation.framework in Frameworks */ = {isa = PBXBuildFile; fileRef = F89537591EAF71A100BFEAFC /* AVFoundation.framework */; };
		F89537851EAF89DE00BFEAFC /* AudioRecord.swift in Sources */ = {isa = PBXBuildFile; fileRef = F89537841EAF89DE00BFEAFC /* AudioRecord.swift */; };
		F89753C71EB1AF28003BB8EF /* ContentShowViewController.swift in Sources */ = {isa = PBXBuildFile; fileRef = F89753C61EB1AF28003BB8EF /* ContentShowViewController.swift */; };
		F89753C91EB1D2DF003BB8EF /* ImageViewController.swift in Sources */ = {isa = PBXBuildFile; fileRef = F89753C81EB1D2DF003BB8EF /* ImageViewController.swift */; };
		F8AB2A701E9D15E700B58229 /* CatalogueViewController.swift in Sources */ = {isa = PBXBuildFile; fileRef = F8AB2A6F1E9D15E700B58229 /* CatalogueViewController.swift */; };
		F8C1F5901C3BBA2A00447ED2 /* CustomTableViewCell.swift in Sources */ = {isa = PBXBuildFile; fileRef = F8C1F58F1C3BBA2A00447ED2 /* CustomTableViewCell.swift */; };
		F8C1F5921C3BBA4A00447ED2 /* MainTableViewController.swift in Sources */ = {isa = PBXBuildFile; fileRef = F8C1F5911C3BBA4A00447ED2 /* MainTableViewController.swift */; };
		F8D5C4091C01EE8600179853 /* FileManager.swift in Sources */ = {isa = PBXBuildFile; fileRef = F8D5C4081C01EE8600179853 /* FileManager.swift */; };
		F8DAA5DC1E24B28200021288 /* GaodeMapApi.swift in Sources */ = {isa = PBXBuildFile; fileRef = F8DAA5DB1E24B28200021288 /* GaodeMapApi.swift */; };
		F8E9918B1C17CAE500650406 /* MoreViewController.swift in Sources */ = {isa = PBXBuildFile; fileRef = F8E9918A1C17CAE500650406 /* MoreViewController.swift */; };
		F8EFBA5F1D71DDDD00A7C3C0 /* LocationViewController.swift in Sources */ = {isa = PBXBuildFile; fileRef = F8EFBA5E1D71DDDD00A7C3C0 /* LocationViewController.swift */; };
		F8EFBA611D71E73300A7C3C0 /* Annotation.swift in Sources */ = {isa = PBXBuildFile; fileRef = F8EFBA601D71E73200A7C3C0 /* Annotation.swift */; };
		F8F28CF51C0DB9D40007EDE3 /* Time.swift in Sources */ = {isa = PBXBuildFile; fileRef = F8F28CF41C0DB9D40007EDE3 /* Time.swift */; };
		F8F5D47B1EADCA25007BDF2A /* UIImage+BlurImage.m in Sources */ = {isa = PBXBuildFile; fileRef = F8F5D47A1EADCA25007BDF2A /* UIImage+BlurImage.m */; };
		F8F5D47F1EADDAD9007BDF2A /* IndicatorMapViewBack.swift in Sources */ = {isa = PBXBuildFile; fileRef = F8F5D47E1EADDAD9007BDF2A /* IndicatorMapViewBack.swift */; };
		F8F5D4811EADE2D1007BDF2A /* IndicatorMapView.swift in Sources */ = {isa = PBXBuildFile; fileRef = F8F5D4801EADE2D1007BDF2A /* IndicatorMapView.swift */; };
		F8FC2A7A1BFC26EB001D1AEB /* AuthorityViewController.swift in Sources */ = {isa = PBXBuildFile; fileRef = F8FC2A791BFC26EB001D1AEB /* AuthorityViewController.swift */; };
/* End PBXBuildFile section */

/* Begin PBXFileReference section */
		1848615C1FCBAE6983817833 /* Pods-Imagination.debug.xcconfig */ = {isa = PBXFileReference; includeInIndex = 1; lastKnownFileType = text.xcconfig; name = "Pods-Imagination.debug.xcconfig"; path = "Pods/Target Support Files/Pods-Imagination/Pods-Imagination.debug.xcconfig"; sourceTree = "<group>"; };
		50995463212919A500BECAFD /* PhoneModel.swift */ = {isa = PBXFileReference; lastKnownFileType = sourcecode.swift; path = PhoneModel.swift; sourceTree = "<group>"; };
		509B2F0C2153E27500D5A926 /* DataPickerViewController.swift */ = {isa = PBXFileReference; lastKnownFileType = sourcecode.swift; path = DataPickerViewController.swift; sourceTree = "<group>"; };
		6617760B2D13706ED0EFC492 /* Pods_Imagination.framework */ = {isa = PBXFileReference; explicitFileType = wrapper.framework; includeInIndex = 0; path = Pods_Imagination.framework; sourceTree = BUILT_PRODUCTS_DIR; };
		D70134F5EE603F78D03C4878 /* Pods-Imagination.release.xcconfig */ = {isa = PBXFileReference; includeInIndex = 1; lastKnownFileType = text.xcconfig; name = "Pods-Imagination.release.xcconfig"; path = "Pods/Target Support Files/Pods-Imagination/Pods-Imagination.release.xcconfig"; sourceTree = "<group>"; };
		F804D3A32150CA7E0028DAD3 /* Location.swift */ = {isa = PBXFileReference; lastKnownFileType = sourcecode.swift; path = Location.swift; sourceTree = "<group>"; };
		F80B691B1EB1D6BF00900635 /* AudioViewController.swift */ = {isa = PBXFileReference; fileEncoding = 4; lastKnownFileType = sourcecode.swift; path = AudioViewController.swift; sourceTree = "<group>"; };
		F812295E1BF73C6C00BDCF0E /* Imagination.app */ = {isa = PBXFileReference; explicitFileType = wrapper.application; includeInIndex = 0; path = Imagination.app; sourceTree = BUILT_PRODUCTS_DIR; };
		F81229611BF73C6C00BDCF0E /* AppDelegate.swift */ = {isa = PBXFileReference; lastKnownFileType = sourcecode.swift; path = AppDelegate.swift; sourceTree = "<group>"; };
		F81229661BF73C6C00BDCF0E /* Base */ = {isa = PBXFileReference; lastKnownFileType = file.storyboard; name = Base; path = Base.lproj/Main.storyboard; sourceTree = "<group>"; };
		F812296B1BF73C6C00BDCF0E /* Assets.xcassets */ = {isa = PBXFileReference; lastKnownFileType = folder.assetcatalog; path = Assets.xcassets; sourceTree = "<group>"; };
		F812296E1BF73C6C00BDCF0E /* Base */ = {isa = PBXFileReference; lastKnownFileType = file.storyboard; name = Base; path = Base.lproj/LaunchScreen.storyboard; sourceTree = "<group>"; };
		F81229701BF73C6C00BDCF0E /* Info.plist */ = {isa = PBXFileReference; lastKnownFileType = text.plist.xml; path = Info.plist; sourceTree = "<group>"; };
		F812297C1BF777AB00BDCF0E /* DataCache.swift */ = {isa = PBXFileReference; fileEncoding = 4; lastKnownFileType = sourcecode.swift; path = DataCache.swift; sourceTree = "<group>"; };
		F81283971C3F82E8002985A7 /* Notification.swift */ = {isa = PBXFileReference; fileEncoding = 4; lastKnownFileType = sourcecode.swift; path = Notification.swift; sourceTree = "<group>"; };
		F81316E9214F94B700FA0FCC /* Media.swift */ = {isa = PBXFileReference; lastKnownFileType = sourcecode.swift; path = Media.swift; sourceTree = "<group>"; };
		F856CF011EB303F000FE2822 /* MemorySpaceController.swift */ = {isa = PBXFileReference; fileEncoding = 4; lastKnownFileType = sourcecode.swift; path = MemorySpaceController.swift; sourceTree = "<group>"; };
		F856CF031EB322C200FE2822 /* MemorySpaceHeaderView.swift */ = {isa = PBXFileReference; fileEncoding = 4; lastKnownFileType = sourcecode.swift; path = MemorySpaceHeaderView.swift; sourceTree = "<group>"; };
		F862AF511EB766FB0065D32B /* WebViewController.swift */ = {isa = PBXFileReference; fileEncoding = 4; lastKnownFileType = sourcecode.swift; path = WebViewController.swift; sourceTree = "<group>"; };
		F870EF731C378CB7008EF34D /* MoodViewController.swift */ = {isa = PBXFileReference; fileEncoding = 4; lastKnownFileType = sourcecode.swift; path = MoodViewController.swift; sourceTree = "<group>"; };
		F870EF751C37BBB5008EF34D /* Item.swift */ = {isa = PBXFileReference; fileEncoding = 4; lastKnownFileType = sourcecode.swift; path = Item.swift; sourceTree = "<group>"; };
		F8723F111E260526009CCF44 /* Imagination-Bridging-Header.h */ = {isa = PBXFileReference; lastKnownFileType = sourcecode.c.h; path = "Imagination-Bridging-Header.h"; sourceTree = "<group>"; };
		F8723F121E260527009CCF44 /* Reachability.h */ = {isa = PBXFileReference; fileEncoding = 4; lastKnownFileType = sourcecode.c.h; path = Reachability.h; sourceTree = "<group>"; };
		F8723F131E260527009CCF44 /* Reachability.m */ = {isa = PBXFileReference; fileEncoding = 4; lastKnownFileType = sourcecode.c.objc; path = Reachability.m; sourceTree = "<group>"; };
		F87E8F7D1D7ADDFF002954B9 /* Log.swift */ = {isa = PBXFileReference; fileEncoding = 4; lastKnownFileType = sourcecode.swift; path = Log.swift; sourceTree = "<group>"; };
		F88D3BA41C14678600A3C921 /* DayList.swift */ = {isa = PBXFileReference; fileEncoding = 4; lastKnownFileType = sourcecode.swift; path = DayList.swift; sourceTree = "<group>"; };
		F89537541EAEFC0200BFEAFC /* AudioRecordView.swift */ = {isa = PBXFileReference; fileEncoding = 4; lastKnownFileType = sourcecode.swift; path = AudioRecordView.swift; sourceTree = "<group>"; };
		F89537561EAEFC1200BFEAFC /* AudioRecordView.xib */ = {isa = PBXFileReference; fileEncoding = 4; lastKnownFileType = file.xib; path = AudioRecordView.xib; sourceTree = "<group>"; };
		F89537591EAF71A100BFEAFC /* AVFoundation.framework */ = {isa = PBXFileReference; lastKnownFileType = wrapper.framework; name = AVFoundation.framework; path = System/Library/Frameworks/AVFoundation.framework; sourceTree = SDKROOT; };
		F89537841EAF89DE00BFEAFC /* AudioRecord.swift */ = {isa = PBXFileReference; fileEncoding = 4; lastKnownFileType = sourcecode.swift; path = AudioRecord.swift; sourceTree = "<group>"; };
		F89753C61EB1AF28003BB8EF /* ContentShowViewController.swift */ = {isa = PBXFileReference; fileEncoding = 4; lastKnownFileType = sourcecode.swift; path = ContentShowViewController.swift; sourceTree = "<group>"; };
		F89753C81EB1D2DF003BB8EF /* ImageViewController.swift */ = {isa = PBXFileReference; fileEncoding = 4; lastKnownFileType = sourcecode.swift; path = ImageViewController.swift; sourceTree = "<group>"; };
		F8AB2A6F1E9D15E700B58229 /* CatalogueViewController.swift */ = {isa = PBXFileReference; fileEncoding = 4; lastKnownFileType = sourcecode.swift; path = CatalogueViewController.swift; sourceTree = "<group>"; };
		F8B1A365212272F300268EDE /* MessageUI.framework */ = {isa = PBXFileReference; lastKnownFileType = wrapper.framework; name = MessageUI.framework; path = System/Library/Frameworks/MessageUI.framework; sourceTree = SDKROOT; };
		F8C1F58F1C3BBA2A00447ED2 /* CustomTableViewCell.swift */ = {isa = PBXFileReference; fileEncoding = 4; lastKnownFileType = sourcecode.swift; path = CustomTableViewCell.swift; sourceTree = "<group>"; };
		F8C1F5911C3BBA4A00447ED2 /* MainTableViewController.swift */ = {isa = PBXFileReference; fileEncoding = 4; lastKnownFileType = sourcecode.swift; path = MainTableViewController.swift; sourceTree = "<group>"; };
		F8D5C4081C01EE8600179853 /* FileManager.swift */ = {isa = PBXFileReference; fileEncoding = 4; lastKnownFileType = sourcecode.swift; path = FileManager.swift; sourceTree = "<group>"; };
		F8DAA5DB1E24B28200021288 /* GaodeMapApi.swift */ = {isa = PBXFileReference; fileEncoding = 4; lastKnownFileType = sourcecode.swift; path = GaodeMapApi.swift; sourceTree = "<group>"; };
		F8E9918A1C17CAE500650406 /* MoreViewController.swift */ = {isa = PBXFileReference; fileEncoding = 4; lastKnownFileType = sourcecode.swift; path = MoreViewController.swift; sourceTree = "<group>"; };
		F8EFBA5E1D71DDDD00A7C3C0 /* LocationViewController.swift */ = {isa = PBXFileReference; fileEncoding = 4; lastKnownFileType = sourcecode.swift; path = LocationViewController.swift; sourceTree = "<group>"; };
		F8EFBA601D71E73200A7C3C0 /* Annotation.swift */ = {isa = PBXFileReference; fileEncoding = 4; lastKnownFileType = sourcecode.swift; path = Annotation.swift; sourceTree = "<group>"; };
		F8F28CF41C0DB9D40007EDE3 /* Time.swift */ = {isa = PBXFileReference; fileEncoding = 4; lastKnownFileType = sourcecode.swift; path = Time.swift; sourceTree = "<group>"; };
		F8F5D4791EADCA25007BDF2A /* UIImage+BlurImage.h */ = {isa = PBXFileReference; fileEncoding = 4; lastKnownFileType = sourcecode.c.h; path = "UIImage+BlurImage.h"; sourceTree = "<group>"; };
		F8F5D47A1EADCA25007BDF2A /* UIImage+BlurImage.m */ = {isa = PBXFileReference; fileEncoding = 4; lastKnownFileType = sourcecode.c.objc; path = "UIImage+BlurImage.m"; sourceTree = "<group>"; };
		F8F5D47E1EADDAD9007BDF2A /* IndicatorMapViewBack.swift */ = {isa = PBXFileReference; fileEncoding = 4; lastKnownFileType = sourcecode.swift; path = IndicatorMapViewBack.swift; sourceTree = "<group>"; };
		F8F5D4801EADE2D1007BDF2A /* IndicatorMapView.swift */ = {isa = PBXFileReference; fileEncoding = 4; lastKnownFileType = sourcecode.swift; path = IndicatorMapView.swift; sourceTree = "<group>"; };
		F8FC2A791BFC26EB001D1AEB /* AuthorityViewController.swift */ = {isa = PBXFileReference; fileEncoding = 4; lastKnownFileType = sourcecode.swift; path = AuthorityViewController.swift; sourceTree = "<group>"; };
/* End PBXFileReference section */

/* Begin PBXFrameworksBuildPhase section */
		F812295B1BF73C6C00BDCF0E /* Frameworks */ = {
			isa = PBXFrameworksBuildPhase;
			buildActionMask = 2147483647;
			files = (
				F895375A1EAF71A100BFEAFC /* AVFoundation.framework in Frameworks */,
				482A52C27D2EEB439BF7B5A7 /* Pods_Imagination.framework in Frameworks */,
			);
			runOnlyForDeploymentPostprocessing = 0;
		};
/* End PBXFrameworksBuildPhase section */

/* Begin PBXGroup section */
		50265E212132A7DD00ABC1B4 /* Controller */ = {
			isa = PBXGroup;
			children = (
				F8C1F5911C3BBA4A00447ED2 /* MainTableViewController.swift */,
				F870EF731C378CB7008EF34D /* MoodViewController.swift */,
				F8FC2A791BFC26EB001D1AEB /* AuthorityViewController.swift */,
				F8EFBA5E1D71DDDD00A7C3C0 /* LocationViewController.swift */,
				F8E9918A1C17CAE500650406 /* MoreViewController.swift */,
				F8AB2A6F1E9D15E700B58229 /* CatalogueViewController.swift */,
				F89753C61EB1AF28003BB8EF /* ContentShowViewController.swift */,
				F89753C81EB1D2DF003BB8EF /* ImageViewController.swift */,
				F80B691B1EB1D6BF00900635 /* AudioViewController.swift */,
				F856CF011EB303F000FE2822 /* MemorySpaceController.swift */,
				F862AF511EB766FB0065D32B /* WebViewController.swift */,
				509B2F0C2153E27500D5A926 /* DataPickerViewController.swift */,
			);
			path = Controller;
			sourceTree = "<group>";
		};
		50265E232132A7DD00ABC1B4 /* Model */ = {
			isa = PBXGroup;
			children = (
				F89537841EAF89DE00BFEAFC /* AudioRecord.swift */,
				F8723F121E260527009CCF44 /* Reachability.h */,
				F8723F131E260527009CCF44 /* Reachability.m */,
				F812297C1BF777AB00BDCF0E /* DataCache.swift */,
				F8D5C4081C01EE8600179853 /* FileManager.swift */,
				F8F28CF41C0DB9D40007EDE3 /* Time.swift */,
				F8EFBA601D71E73200A7C3C0 /* Annotation.swift */,
				F87E8F7D1D7ADDFF002954B9 /* Log.swift */,
				F870EF751C37BBB5008EF34D /* Item.swift */,
				F81283971C3F82E8002985A7 /* Notification.swift */,
				F8DAA5DB1E24B28200021288 /* GaodeMapApi.swift */,
				F8723F111E260526009CCF44 /* Imagination-Bridging-Header.h */,
				F8F5D4791EADCA25007BDF2A /* UIImage+BlurImage.h */,
				F8F5D47A1EADCA25007BDF2A /* UIImage+BlurImage.m */,
				50995463212919A500BECAFD /* PhoneModel.swift */,
				F81316E9214F94B700FA0FCC /* Media.swift */,
				F804D3A32150CA7E0028DAD3 /* Location.swift */,
			);
			path = Model;
			sourceTree = "<group>";
		};
		50265E242132A80D00ABC1B4 /* View */ = {
			isa = PBXGroup;
			children = (
				F8F5D4801EADE2D1007BDF2A /* IndicatorMapView.swift */,
				F8F5D47E1EADDAD9007BDF2A /* IndicatorMapViewBack.swift */,
				F856CF031EB322C200FE2822 /* MemorySpaceHeaderView.swift */,
				F89537541EAEFC0200BFEAFC /* AudioRecordView.swift */,
				F89537561EAEFC1200BFEAFC /* AudioRecordView.xib */,
				F88D3BA41C14678600A3C921 /* DayList.swift */,
				F8C1F58F1C3BBA2A00447ED2 /* CustomTableViewCell.swift */,
			);
			path = View;
			sourceTree = "<group>";
		};
		A0272B83476D20074022DF28 /* Pods */ = {
			isa = PBXGroup;
			children = (
				1848615C1FCBAE6983817833 /* Pods-Imagination.debug.xcconfig */,
				D70134F5EE603F78D03C4878 /* Pods-Imagination.release.xcconfig */,
			);
			name = Pods;
			sourceTree = "<group>";
		};
		F81229551BF73C6C00BDCF0E = {
			isa = PBXGroup;
			children = (
				F81229601BF73C6C00BDCF0E /* Imagination */,
				F812295F1BF73C6C00BDCF0E /* Products */,
				F89537581EAF71A100BFEAFC /* Frameworks */,
				A0272B83476D20074022DF28 /* Pods */,
			);
			sourceTree = "<group>";
		};
		F812295F1BF73C6C00BDCF0E /* Products */ = {
			isa = PBXGroup;
			children = (
				F812295E1BF73C6C00BDCF0E /* Imagination.app */,
			);
			name = Products;
			sourceTree = "<group>";
		};
		F81229601BF73C6C00BDCF0E /* Imagination */ = {
			isa = PBXGroup;
			children = (
				50265E242132A80D00ABC1B4 /* View */,
				50265E212132A7DD00ABC1B4 /* Controller */,
				50265E232132A7DD00ABC1B4 /* Model */,
				F81229651BF73C6C00BDCF0E /* Main.storyboard */,
				F8730EBB1DC06E4F009112CE /* Support */,
			);
			path = Imagination;
			sourceTree = "<group>";
		};
		F8730EBB1DC06E4F009112CE /* Support */ = {
			isa = PBXGroup;
			children = (
				F812296D1BF73C6C00BDCF0E /* LaunchScreen.storyboard */,
				F81229701BF73C6C00BDCF0E /* Info.plist */,
				F812296B1BF73C6C00BDCF0E /* Assets.xcassets */,
				F81229611BF73C6C00BDCF0E /* AppDelegate.swift */,
			);
			name = Support;
			sourceTree = "<group>";
		};
		F89537581EAF71A100BFEAFC /* Frameworks */ = {
			isa = PBXGroup;
			children = (
				F8B1A365212272F300268EDE /* MessageUI.framework */,
				F89537591EAF71A100BFEAFC /* AVFoundation.framework */,
				6617760B2D13706ED0EFC492 /* Pods_Imagination.framework */,
			);
			name = Frameworks;
			sourceTree = "<group>";
		};
/* End PBXGroup section */

/* Begin PBXNativeTarget section */
		F812295D1BF73C6C00BDCF0E /* Imagination */ = {
			isa = PBXNativeTarget;
			buildConfigurationList = F81229731BF73C6C00BDCF0E /* Build configuration list for PBXNativeTarget "Imagination" */;
			buildPhases = (
				DEB747CE973B93AAD56DC12C /* [CP] Check Pods Manifest.lock */,
				F812295A1BF73C6C00BDCF0E /* Sources */,
				F812295B1BF73C6C00BDCF0E /* Frameworks */,
				F812295C1BF73C6C00BDCF0E /* Resources */,
				4DA9ABAF6C1AB995EEE07691 /* [CP] Embed Pods Frameworks */,
			);
			buildRules = (
			);
			dependencies = (
			);
			name = Imagination;
			productName = Imagination;
			productReference = F812295E1BF73C6C00BDCF0E /* Imagination.app */;
			productType = "com.apple.product-type.application";
		};
/* End PBXNativeTarget section */

/* Begin PBXProject section */
		F81229561BF73C6C00BDCF0E /* Project object */ = {
			isa = PBXProject;
			attributes = {
				LastSwiftUpdateCheck = 0710;
				LastUpgradeCheck = 0940;
				ORGANIZATIONNAME = Star;
				TargetAttributes = {
					F812295D1BF73C6C00BDCF0E = {
						CreatedOnToolsVersion = 7.1;
						DevelopmentTeam = 65685Y88TH;
						LastSwiftMigration = 0940;
						ProvisioningStyle = Automatic;
					};
				};
			};
			buildConfigurationList = F81229591BF73C6C00BDCF0E /* Build configuration list for PBXProject "Imagination" */;
			compatibilityVersion = "Xcode 3.2";
			developmentRegion = English;
			hasScannedForEncodings = 0;
			knownRegions = (
				en,
				Base,
			);
			mainGroup = F81229551BF73C6C00BDCF0E;
			productRefGroup = F812295F1BF73C6C00BDCF0E /* Products */;
			projectDirPath = "";
			projectRoot = "";
			targets = (
				F812295D1BF73C6C00BDCF0E /* Imagination */,
			);
		};
/* End PBXProject section */

/* Begin PBXResourcesBuildPhase section */
		F812295C1BF73C6C00BDCF0E /* Resources */ = {
			isa = PBXResourcesBuildPhase;
			buildActionMask = 2147483647;
			files = (
				F89537571EAEFC1200BFEAFC /* AudioRecordView.xib in Resources */,
				F812296F1BF73C6C00BDCF0E /* LaunchScreen.storyboard in Resources */,
				F812296C1BF73C6C00BDCF0E /* Assets.xcassets in Resources */,
				F81229671BF73C6C00BDCF0E /* Main.storyboard in Resources */,
			);
			runOnlyForDeploymentPostprocessing = 0;
		};
/* End PBXResourcesBuildPhase section */

/* Begin PBXShellScriptBuildPhase section */
		4DA9ABAF6C1AB995EEE07691 /* [CP] Embed Pods Frameworks */ = {
			isa = PBXShellScriptBuildPhase;
			buildActionMask = 2147483647;
			files = (
			);
			inputPaths = (
				"${SRCROOT}/Pods/Target Support Files/Pods-Imagination/Pods-Imagination-frameworks.sh",
				"${BUILT_PRODUCTS_DIR}/Realm/Realm.framework",
				"${BUILT_PRODUCTS_DIR}/RealmSwift/RealmSwift.framework",
				"${BUILT_PRODUCTS_DIR}/SSZipArchive/SSZipArchive.framework",
			);
			name = "[CP] Embed Pods Frameworks";
			outputPaths = (
				"${TARGET_BUILD_DIR}/${FRAMEWORKS_FOLDER_PATH}/Realm.framework",
				"${TARGET_BUILD_DIR}/${FRAMEWORKS_FOLDER_PATH}/RealmSwift.framework",
				"${TARGET_BUILD_DIR}/${FRAMEWORKS_FOLDER_PATH}/SSZipArchive.framework",
			);
			runOnlyForDeploymentPostprocessing = 0;
			shellPath = /bin/sh;
			shellScript = "\"${SRCROOT}/Pods/Target Support Files/Pods-Imagination/Pods-Imagination-frameworks.sh\"\n";
			showEnvVarsInLog = 0;
		};
		DEB747CE973B93AAD56DC12C /* [CP] Check Pods Manifest.lock */ = {
			isa = PBXShellScriptBuildPhase;
			buildActionMask = 2147483647;
			files = (
			);
			inputPaths = (
				"${PODS_PODFILE_DIR_PATH}/Podfile.lock",
				"${PODS_ROOT}/Manifest.lock",
			);
			name = "[CP] Check Pods Manifest.lock";
			outputPaths = (
				"$(DERIVED_FILE_DIR)/Pods-Imagination-checkManifestLockResult.txt",
			);
			runOnlyForDeploymentPostprocessing = 0;
			shellPath = /bin/sh;
			shellScript = "diff \"${PODS_PODFILE_DIR_PATH}/Podfile.lock\" \"${PODS_ROOT}/Manifest.lock\" > /dev/null\nif [ $? != 0 ] ; then\n    # print error to STDERR\n    echo \"error: The sandbox is not in sync with the Podfile.lock. Run 'pod install' or update your CocoaPods installation.\" >&2\n    exit 1\nfi\n# This output is used by Xcode 'outputs' to avoid re-running this script phase.\necho \"SUCCESS\" > \"${SCRIPT_OUTPUT_FILE_0}\"\n";
			showEnvVarsInLog = 0;
		};
/* End PBXShellScriptBuildPhase section */

/* Begin PBXSourcesBuildPhase section */
		F812295A1BF73C6C00BDCF0E /* Sources */ = {
			isa = PBXSourcesBuildPhase;
			buildActionMask = 2147483647;
			files = (
				F8EFBA5F1D71DDDD00A7C3C0 /* LocationViewController.swift in Sources */,
				F856CF021EB303F000FE2822 /* MemorySpaceController.swift in Sources */,
				F812297D1BF777AB00BDCF0E /* DataCache.swift in Sources */,
				F8F5D4811EADE2D1007BDF2A /* IndicatorMapView.swift in Sources */,
				F88D3BA51C14678600A3C921 /* DayList.swift in Sources */,
				F81229621BF73C6C00BDCF0E /* AppDelegate.swift in Sources */,
				F89753C71EB1AF28003BB8EF /* ContentShowViewController.swift in Sources */,
				F89537551EAEFC0200BFEAFC /* AudioRecordView.swift in Sources */,
				F8F5D47B1EADCA25007BDF2A /* UIImage+BlurImage.m in Sources */,
				F804D3A42150CA7E0028DAD3 /* Location.swift in Sources */,
				F8D5C4091C01EE8600179853 /* FileManager.swift in Sources */,
				F870EF741C378CB7008EF34D /* MoodViewController.swift in Sources */,
				F81316EA214F94B700FA0FCC /* Media.swift in Sources */,
				F89753C91EB1D2DF003BB8EF /* ImageViewController.swift in Sources */,
				F89537851EAF89DE00BFEAFC /* AudioRecord.swift in Sources */,
				F8EFBA611D71E73300A7C3C0 /* Annotation.swift in Sources */,
				F856CF041EB322C200FE2822 /* MemorySpaceHeaderView.swift in Sources */,
				F862AF521EB766FB0065D32B /* WebViewController.swift in Sources */,
				F8E9918B1C17CAE500650406 /* MoreViewController.swift in Sources */,
				F80B691C1EB1D6BF00900635 /* AudioViewController.swift in Sources */,
				509B2F0D2153E27500D5A926 /* DataPickerViewController.swift in Sources */,
				F87E8F7E1D7ADDFF002954B9 /* Log.swift in Sources */,
				F8DAA5DC1E24B28200021288 /* GaodeMapApi.swift in Sources */,
				F870EF761C37BBB5008EF34D /* Item.swift in Sources */,
				F8F5D47F1EADDAD9007BDF2A /* IndicatorMapViewBack.swift in Sources */,
				50995464212919A500BECAFD /* PhoneModel.swift in Sources */,
				F8F28CF51C0DB9D40007EDE3 /* Time.swift in Sources */,
				F8C1F5901C3BBA2A00447ED2 /* CustomTableViewCell.swift in Sources */,
				F81283981C3F82E8002985A7 /* Notification.swift in Sources */,
				F8FC2A7A1BFC26EB001D1AEB /* AuthorityViewController.swift in Sources */,
				F8C1F5921C3BBA4A00447ED2 /* MainTableViewController.swift in Sources */,
				F8723F141E260527009CCF44 /* Reachability.m in Sources */,
				F8AB2A701E9D15E700B58229 /* CatalogueViewController.swift in Sources */,
			);
			runOnlyForDeploymentPostprocessing = 0;
		};
/* End PBXSourcesBuildPhase section */

/* Begin PBXVariantGroup section */
		F81229651BF73C6C00BDCF0E /* Main.storyboard */ = {
			isa = PBXVariantGroup;
			children = (
				F81229661BF73C6C00BDCF0E /* Base */,
			);
			name = Main.storyboard;
			sourceTree = "<group>";
		};
		F812296D1BF73C6C00BDCF0E /* LaunchScreen.storyboard */ = {
			isa = PBXVariantGroup;
			children = (
				F812296E1BF73C6C00BDCF0E /* Base */,
			);
			name = LaunchScreen.storyboard;
			sourceTree = "<group>";
		};
/* End PBXVariantGroup section */

/* Begin XCBuildConfiguration section */
		F81229711BF73C6C00BDCF0E /* Debug */ = {
			isa = XCBuildConfiguration;
			buildSettings = {
				ALWAYS_SEARCH_USER_PATHS = NO;
				CLANG_CXX_LANGUAGE_STANDARD = "gnu++0x";
				CLANG_CXX_LIBRARY = "libc++";
				CLANG_ENABLE_MODULES = YES;
				CLANG_ENABLE_OBJC_ARC = YES;
				CLANG_WARN_BLOCK_CAPTURE_AUTORELEASING = YES;
				CLANG_WARN_BOOL_CONVERSION = YES;
				CLANG_WARN_COMMA = YES;
				CLANG_WARN_CONSTANT_CONVERSION = YES;
				CLANG_WARN_DEPRECATED_OBJC_IMPLEMENTATIONS = YES;
				CLANG_WARN_DIRECT_OBJC_ISA_USAGE = YES_ERROR;
				CLANG_WARN_EMPTY_BODY = YES;
				CLANG_WARN_ENUM_CONVERSION = YES;
				CLANG_WARN_INFINITE_RECURSION = YES;
				CLANG_WARN_INT_CONVERSION = YES;
				CLANG_WARN_NON_LITERAL_NULL_CONVERSION = YES;
				CLANG_WARN_OBJC_IMPLICIT_RETAIN_SELF = YES;
				CLANG_WARN_OBJC_LITERAL_CONVERSION = YES;
				CLANG_WARN_OBJC_ROOT_CLASS = YES_ERROR;
				CLANG_WARN_RANGE_LOOP_ANALYSIS = YES;
				CLANG_WARN_STRICT_PROTOTYPES = YES;
				CLANG_WARN_SUSPICIOUS_MOVE = YES;
				CLANG_WARN_UNREACHABLE_CODE = YES;
				CLANG_WARN__DUPLICATE_METHOD_MATCH = YES;
				"CODE_SIGN_IDENTITY[sdk=iphoneos*]" = "iPhone Developer";
				COPY_PHASE_STRIP = NO;
				DEBUG_INFORMATION_FORMAT = dwarf;
				ENABLE_STRICT_OBJC_MSGSEND = YES;
				ENABLE_TESTABILITY = YES;
				GCC_C_LANGUAGE_STANDARD = gnu99;
				GCC_DYNAMIC_NO_PIC = NO;
				GCC_NO_COMMON_BLOCKS = YES;
				GCC_OPTIMIZATION_LEVEL = 0;
				GCC_PREPROCESSOR_DEFINITIONS = (
					"DEBUG=1",
					"$(inherited)",
				);
				GCC_WARN_64_TO_32_BIT_CONVERSION = YES;
				GCC_WARN_ABOUT_RETURN_TYPE = YES_ERROR;
				GCC_WARN_UNDECLARED_SELECTOR = YES;
				GCC_WARN_UNINITIALIZED_AUTOS = YES_AGGRESSIVE;
				GCC_WARN_UNUSED_FUNCTION = YES;
				GCC_WARN_UNUSED_VARIABLE = YES;
				IPHONEOS_DEPLOYMENT_TARGET = 9.0;
				MTL_ENABLE_DEBUG_INFO = YES;
				ONLY_ACTIVE_ARCH = YES;
				SDKROOT = iphoneos;
				SWIFT_OPTIMIZATION_LEVEL = "-Onone";
				SWIFT_SWIFT3_OBJC_INFERENCE = On;
			};
			name = Debug;
		};
		F81229721BF73C6C00BDCF0E /* Release */ = {
			isa = XCBuildConfiguration;
			buildSettings = {
				ALWAYS_SEARCH_USER_PATHS = NO;
				CLANG_CXX_LANGUAGE_STANDARD = "gnu++0x";
				CLANG_CXX_LIBRARY = "libc++";
				CLANG_ENABLE_MODULES = YES;
				CLANG_ENABLE_OBJC_ARC = YES;
				CLANG_WARN_BLOCK_CAPTURE_AUTORELEASING = YES;
				CLANG_WARN_BOOL_CONVERSION = YES;
				CLANG_WARN_COMMA = YES;
				CLANG_WARN_CONSTANT_CONVERSION = YES;
				CLANG_WARN_DEPRECATED_OBJC_IMPLEMENTATIONS = YES;
				CLANG_WARN_DIRECT_OBJC_ISA_USAGE = YES_ERROR;
				CLANG_WARN_EMPTY_BODY = YES;
				CLANG_WARN_ENUM_CONVERSION = YES;
				CLANG_WARN_INFINITE_RECURSION = YES;
				CLANG_WARN_INT_CONVERSION = YES;
				CLANG_WARN_NON_LITERAL_NULL_CONVERSION = YES;
				CLANG_WARN_OBJC_IMPLICIT_RETAIN_SELF = YES;
				CLANG_WARN_OBJC_LITERAL_CONVERSION = YES;
				CLANG_WARN_OBJC_ROOT_CLASS = YES_ERROR;
				CLANG_WARN_RANGE_LOOP_ANALYSIS = YES;
				CLANG_WARN_STRICT_PROTOTYPES = YES;
				CLANG_WARN_SUSPICIOUS_MOVE = YES;
				CLANG_WARN_UNREACHABLE_CODE = YES;
				CLANG_WARN__DUPLICATE_METHOD_MATCH = YES;
				"CODE_SIGN_IDENTITY[sdk=iphoneos*]" = "iPhone Developer";
				COPY_PHASE_STRIP = NO;
				DEBUG_INFORMATION_FORMAT = "dwarf-with-dsym";
				ENABLE_NS_ASSERTIONS = NO;
				ENABLE_STRICT_OBJC_MSGSEND = YES;
				GCC_C_LANGUAGE_STANDARD = gnu99;
				GCC_NO_COMMON_BLOCKS = YES;
				GCC_WARN_64_TO_32_BIT_CONVERSION = YES;
				GCC_WARN_ABOUT_RETURN_TYPE = YES_ERROR;
				GCC_WARN_UNDECLARED_SELECTOR = YES;
				GCC_WARN_UNINITIALIZED_AUTOS = YES_AGGRESSIVE;
				GCC_WARN_UNUSED_FUNCTION = YES;
				GCC_WARN_UNUSED_VARIABLE = YES;
				IPHONEOS_DEPLOYMENT_TARGET = 9.0;
				MTL_ENABLE_DEBUG_INFO = NO;
				SDKROOT = iphoneos;
				SWIFT_OPTIMIZATION_LEVEL = "-Owholemodule";
				SWIFT_SWIFT3_OBJC_INFERENCE = On;
				VALIDATE_PRODUCT = YES;
			};
			name = Release;
		};
		F81229741BF73C6C00BDCF0E /* Debug */ = {
			isa = XCBuildConfiguration;
			baseConfigurationReference = 1848615C1FCBAE6983817833 /* Pods-Imagination.debug.xcconfig */;
			buildSettings = {
				ASSETCATALOG_COMPILER_APPICON_NAME = AppIcon;
				CLANG_ENABLE_MODULES = YES;
				CODE_SIGN_IDENTITY = "iPhone Developer";
				CODE_SIGN_STYLE = Automatic;
				DEVELOPMENT_TEAM = 65685Y88TH;
				FRAMEWORK_SEARCH_PATHS = (
					"$(inherited)",
					"$(PROJECT_DIR)",
				);
				INFOPLIST_FILE = Imagination/Info.plist;
				LD_RUNPATH_SEARCH_PATHS = "$(inherited) @executable_path/Frameworks";
				OTHER_SWIFT_FLAGS = "-DDEBUG";
				PRODUCT_BUNDLE_IDENTIFIER = com.myself.imagination;
				PRODUCT_NAME = "$(TARGET_NAME)";
				PROVISIONING_PROFILE = "583c4b3f-701f-4dab-b5cf-f16ee551d6b0";
				PROVISIONING_PROFILE_SPECIFIER = "";
				SWIFT_OBJC_BRIDGING_HEADER = "Imagination/Model/Imagination-Bridging-Header.h";
				SWIFT_OPTIMIZATION_LEVEL = "-Onone";
				SWIFT_SWIFT3_OBJC_INFERENCE = Default;
				SWIFT_VERSION = 4.0;
				TARGETED_DEVICE_FAMILY = "1,2";
			};
			name = Debug;
		};
		F81229751BF73C6C00BDCF0E /* Release */ = {
			isa = XCBuildConfiguration;
			baseConfigurationReference = D70134F5EE603F78D03C4878 /* Pods-Imagination.release.xcconfig */;
			buildSettings = {
				ASSETCATALOG_COMPILER_APPICON_NAME = AppIcon;
				CLANG_ENABLE_MODULES = YES;
				CODE_SIGN_IDENTITY = "iPhone Developer";
				CODE_SIGN_STYLE = Automatic;
				DEVELOPMENT_TEAM = 65685Y88TH;
				FRAMEWORK_SEARCH_PATHS = (
					"$(inherited)",
					"$(PROJECT_DIR)",
				);
				INFOPLIST_FILE = Imagination/Info.plist;
				LD_RUNPATH_SEARCH_PATHS = "$(inherited) @executable_path/Frameworks";
				OTHER_SWIFT_FLAGS = "-DDEBUG";
				PRODUCT_BUNDLE_IDENTIFIER = com.myself.imagination;
				PRODUCT_NAME = "$(TARGET_NAME)";
				PROVISIONING_PROFILE = "583c4b3f-701f-4dab-b5cf-f16ee551d6b0";
				PROVISIONING_PROFILE_SPECIFIER = "";
				SWIFT_OBJC_BRIDGING_HEADER = "Imagination/Model/Imagination-Bridging-Header.h";
				SWIFT_SWIFT3_OBJC_INFERENCE = Default;
				SWIFT_VERSION = 4.0;
				TARGETED_DEVICE_FAMILY = "1,2";
			};
			name = Release;
		};
/* End XCBuildConfiguration section */

/* Begin XCConfigurationList section */
		F81229591BF73C6C00BDCF0E /* Build configuration list for PBXProject "Imagination" */ = {
			isa = XCConfigurationList;
			buildConfigurations = (
				F81229711BF73C6C00BDCF0E /* Debug */,
				F81229721BF73C6C00BDCF0E /* Release */,
			);
			defaultConfigurationIsVisible = 0;
			defaultConfigurationName = Release;
		};
		F81229731BF73C6C00BDCF0E /* Build configuration list for PBXNativeTarget "Imagination" */ = {
			isa = XCConfigurationList;
			buildConfigurations = (
				F81229741BF73C6C00BDCF0E /* Debug */,
				F81229751BF73C6C00BDCF0E /* Release */,
			);
			defaultConfigurationIsVisible = 0;
			defaultConfigurationName = Release;
		};
/* End XCConfigurationList section */
	};
	rootObject = F81229561BF73C6C00BDCF0E /* Project object */;
}
